PODS:
  - Realm (5.3.4):
    - Realm/Headers (= 5.3.4)
  - Realm/Headers (5.3.4)
  - RealmSwift (5.3.4):
    - Realm (= 5.3.4)

DEPENDENCIES:
  - RealmSwift

SPEC REPOS:
  trunk:
    - Realm
    - RealmSwift

SPEC CHECKSUMS:
  Realm: 4dd457b6ed025041cf7efe05dae78c027ba842e0
  RealmSwift: 233af88fffe05ed7f9305eecef100d477c0c2c42

PODFILE CHECKSUM: 8dbafa1c1f043db4cc01d9445291ccd0af5ef010

COCOAPODS: 1.8.4
